Microsoft Visual Studio Solution File, Format Version 11.00
# Visual Studio 2010
Project("{FAE04EC0-301F-11D3-BF4B-00C04F79EFBC}") = "Radiator.Tests", "Radiator.Tests\Radiator.Tests.csproj", "{499E51DE-05CE-4F6F-968F-FFFEB0D8974C}"
EndProject
Project("{FAE04EC0-301F-11D3-BF4B-00C04F79EFBC}") = "Radiator", "Radiator\Radiator.csproj", "{EC665D26-5DE5-417B-A582-41084A4CB85A}"
EndProject
Project("{FAE04EC0-301F-11D3-BF4B-00C04F79EFBC}") = "Radiator.Core", "Radiator.Core\Radiator.Core.csproj", "{D14ACDFD-73B9-41EE-A8AA-8B2F3585B204}"
EndProject
Project("{FAE04EC0-301F-11D3-BF4B-00C04F79EFBC}") = "Radiator.UserInterface", "Radiator.UserInterface\Radiator.UserInterface.csproj", "{BA94A05C-13C0-4649-86FF-F44F2FBD6A6C}"
EndProject
Global
	GlobalSection(SolutionConfigurationPlatforms) = preSolution
		Debug|Any CPU = Debug|Any CPU
		Debug|Mixed Platforms = Debug|Mixed Platforms
		Debug|x86 = Debug|x86
		Release|Any CPU = Release|Any CPU
		Release|Mixed Platforms = Release|Mixed Platforms
		Release|x86 = Release|x86
	EndGlobalSection
	GlobalSection(ProjectConfigurationPlatforms) = postSolution
		{499E51DE-05CE-4F6F-968F-FFFEB0D8974C}.Debug|Any CPU.ActiveCfg = Debug|Any CPU
		{499E51DE-05CE-4F6F-968F-FFFEB0D8974C}.Debug|Any CPU.Build.0 = Debug|Any CPU
		{499E51DE-05CE-4F6F-968F-FFFEB0D8974C}.Debug|Mixed Platforms.ActiveCfg = Debug|Any CPU
		{499E51DE-05CE-4F6F-968F-FFFEB0D8974C}.Debug|Mixed Platforms.Build.0 = Debug|Any CPU
		{499E51DE-05CE-4F6F-968F-FFFEB0D8974C}.Debug|x86.ActiveCfg = Debug|Any CPU
		{499E51DE-05CE-4F6F-968F-FFFEB0D8974C}.Release|Any CPU.ActiveCfg = Release|Any CPU
		{499E51DE-05CE-4F6F-968F-FFFEB0D8974C}.Release|Any CPU.Build.0 = Release|Any CPU
		{499E51DE-05CE-4F6F-968F-FFFEB0D8974C}.Release|Mixed Platforms.ActiveCfg = Release|Any CPU
		{499E51DE-05CE-4F6F-968F-FFFEB0D8974C}.Release|Mixed Platforms.Build.0 = Release|Any CPU
		{499E51DE-05CE-4F6F-968F-FFFEB0D8974C}.Release|x86.ActiveCfg = Release|Any CPU
		{EC665D26-5DE5-417B-A582-41084A4CB85A}.Debug|Any CPU.ActiveCfg = Debug|Any CPU
		{EC665D26-5DE5-417B-A582-41084A4CB85A}.Debug|Any CPU.Build.0 = Debug|Any CPU
		{EC665D26-5DE5-417B-A582-41084A4CB85A}.Debug|Mixed Platforms.ActiveCfg = Debug|Any CPU
		{EC665D26-5DE5-417B-A582-41084A4CB85A}.Debug|Mixed Platforms.Build.0 = Debug|Any CPU
		{EC665D26-5DE5-417B-A582-41084A4CB85A}.Debug|x86.ActiveCfg = Debug|Any CPU
		{EC665D26-5DE5-417B-A582-41084A4CB85A}.Release|Any CPU.ActiveCfg = Release|Any CPU
		{EC665D26-5DE5-417B-A582-41084A4CB85A}.Release|Any CPU.Build.0 = Release|Any CPU
		{EC665D26-5DE5-417B-A582-41084A4CB85A}.Release|Mixed Platforms.ActiveCfg = Release|Any CPU
		{EC665D26-5DE5-417B-A582-41084A4CB85A}.Release|Mixed Platforms.Build.0 = Release|Any CPU
		{EC665D26-5DE5-417B-A582-41084A4CB85A}.Release|x86.ActiveCfg = Release|Any CPU
		{D14ACDFD-73B9-41EE-A8AA-8B2F3585B204}.Debug|Any CPU.ActiveCfg = Debug|Any CPU
		{D14ACDFD-73B9-41EE-A8AA-8B2F3585B204}.Debug|Any CPU.Build.0 = Debug|Any CPU
		{D14ACDFD-73B9-41EE-A8AA-8B2F3585B204}.Debug|Mixed Platforms.ActiveCfg = Debug|Any CPU
		{D14ACDFD-73B9-41EE-A8AA-8B2F3585B204}.Debug|Mixed Platforms.Build.0 = Debug|Any CPU
		{D14ACDFD-73B9-41EE-A8AA-8B2F3585B204}.Debug|x86.ActiveCfg = Debug|Any CPU
		{D14ACDFD-73B9-41EE-A8AA-8B2F3585B204}.Release|Any CPU.ActiveCfg = Release|Any CPU
		{D14ACDFD-73B9-41EE-A8AA-8B2F3585B204}.Release|Any CPU.Build.0 = Release|Any CPU
		{D14ACDFD-73B9-41EE-A8AA-8B2F3585B204}.Release|Mixed Platforms.ActiveCfg = Release|Any CPU
		{D14ACDFD-73B9-41EE-A8AA-8B2F3585B204}.Release|Mixed Platforms.Build.0 = Release|Any CPU
		{D14ACDFD-73B9-41EE-A8AA-8B2F3585B204}.Release|x86.ActiveCfg = Release|Any CPU
		{BA94A05C-13C0-4649-86FF-F44F2FBD6A6C}.Debug|Any CPU.ActiveCfg = Debug|x86
		{BA94A05C-13C0-4649-86FF-F44F2FBD6A6C}.Debug|Mixed Platforms.ActiveCfg = Debug|x86
		{BA94A05C-13C0-4649-86FF-F44F2FBD6A6C}.Debug|Mixed Platforms.Build.0 = Debug|x86
		{BA94A05C-13C0-4649-86FF-F44F2FBD6A6C}.Debug|x86.ActiveCfg = Debug|x86
		{BA94A05C-13C0-4649-86FF-F44F2FBD6A6C}.Debug|x86.Build.0 = Debug|x86
		{BA94A05C-13C0-4649-86FF-F44F2FBD6A6C}.Release|Any CPU.ActiveCfg = Release|x86
		{BA94A05C-13C0-4649-86FF-F44F2FBD6A6C}.Release|Mixed Platforms.ActiveCfg = Release|x86
		{BA94A05C-13C0-4649-86FF-F44F2FBD6A6C}.Release|Mixed Platforms.Build.0 = Release|x86
		{BA94A05C-13C0-4649-86FF-F44F2FBD6A6C}.Release|x86.ActiveCfg = Release|x86
		{BA94A05C-13C0-4649-86FF-F44F2FBD6A6C}.Release|x86.Build.0 = Release|x86
	EndGlobalSection
	GlobalSection(SolutionProperties) = preSolution
		HideSolutionNode = FALSE
	EndGlobalSection
EndGlobal
